{
  "name": "ecycle-frontend",
  "version": "1.0.0",
  "lockfileVersion": 1,
  "requires": true,
  "dependencies": {
    "isarray": {
      "version": "0.0.1",
      "resolved": "https://registry.npmjs.org/isarray/-/isarray-0.0.1.tgz",
      "integrity": "sha512-D2S+3GLxWH+uhrNEcoh/fnmYeP8E8/zHl644d/jdA0g2uyXvy3sb0qxotE+ne0LtccHknQzWwZEzhak7oJ0COQ=="
    },
    "lodash": {
      "version": "4.17.21",
      "resolved": "https://registry.npmjs.org/lodash/-/lodash-4.17.21.tgz",
      "integrity": "sha512-v2kDEe57lecTulaDIuNTPy3Ry4gLGJ6Z1O3vE1krgXZNrsQ+LFTGHVxVjcXPs17LhbZVGedAJv8XZ1tvj5FvSg=="
    },
    "moment": {
      "version": "2.30.1",
      "resolved": "https://registry.npmjs.org/moment/-/moment-2.30.1.tgz",
      "integrity": "sha512-uEmtNhbDOrWPFS+hdjFCBfy9f2YoyzRpwcl+DqpC6taX21FzsTLQVbMV/W7PzNSX6x/bhC1zA3c2UQ5NzH6how=="
    },
    "page": {
      "version": "1.11.6",
      "resolved": "https://registry.npmjs.org/page/-/page-1.11.6.tgz",
      "integrity": "sha512-P6e2JfzkBrPeFCIPplLP7vDDiU84RUUZMrWdsH4ZBGJ8OosnwFkcUkBHp1DTIjuipLliw9yQn/ZJsXZvarsO+g==",
      "requires": {
        "path-to-regexp": "~1.2.1"
      }
    },
    "path-to-regexp": {
      "version": "1.2.1",
      "resolved": "https://registry.npmjs.org/path-to-regexp/-/path-to-regexp-1.2.1.tgz",
      "integrity": "sha512-DBw9IhWfevR2zCVwEZURTuQNseCvu/Q9f5ZgqMCK0Rh61bDa4uyjPAOy9b55yKiPT59zZn+7uYKxmWwsguInwg==",
      "requires": {
        "isarray": "0.0.1"
      }
    },
    "vue-route": {
      "version": "1.5.1",
      "resolved": "https://registry.npmjs.org/vue-route/-/vue-route-1.5.1.tgz",
      "integrity": "sha512-RoeEWvSTk/Zasjx11En4XPyE1jXwuFQ4Itr4fzh1TOSMYefUddhhlHXmAGFFPn37J1YrEymm6sU/3IRTyu23Aw==",
      "requires": {
        "page": "^1.5.0"
      }
    }
  }
}
